dependencies:
- name: common
  repository: file://../common
  version: 0.1.0
- name: ditto-operator
  repository: https://ctron.github.io/helm-charts
  version: 0.1.8
- name: mongodb
  repository: https://charts.bitnami.com/bitnami
  version: 9.3.1
digest: sha256:fdef71d839a7edf90ddf392e643a6ad29fb9257b4d14fe39bdda2d70cf740c27
generated: "2020-11-09T16:16:20.613293629+01:00"
