{
  "name": "console-frontend",
  "version": "0.0.1",
  "lockfileVersion": 2,
  "requires": true,
  "packages": {
    "": {
      "name": "console-frontend",
      "version": "0.0.1",
      "dependencies": {
        "@fortawesome/fontawesome-free": "^6.0.0",
        "@patternfly/patternfly": "^4.165.2"
      }
    },
    "node_modules/@fortawesome/fontawesome-free": {
      "version": "6.0.0",
      "resolved": "https://registry.npmjs.org/@fortawesome/fontawesome-free/-/fontawesome-free-6.0.0.tgz",
      "integrity": "sha512-6LB4PYBST1Rx40klypw1SmSDArjFOcfBf2LeX9Zg5EKJT2eXiyiJq+CyBYKeXyK0sXS2FsCJWSPr/luyhuvh0Q==",
      "hasInstallScript": true,
      "engines": {
        "node": ">=6"
      }
    },
    "node_modules/@patternfly/patternfly": {
      "version": "4.166.1",
      "resolved": "https://registry.npmjs.org/@patternfly/patternfly/-/patternfly-4.166.1.tgz",
      "integrity": "sha512-M5qkOfHiqFV4ga84F/i2hrldfn0DXTeTmkWP8C7lVGvLI+mldFU9uJUnv2hlQzW1NyDqKdnkZctt8MFTu9jP1w=="
    }
  },
  "dependencies": {
    "@fortawesome/fontawesome-free": {
      "version": "6.0.0",
      "resolved": "https://registry.npmjs.org/@fortawesome/fontawesome-free/-/fontawesome-free-6.0.0.tgz",
      "integrity": "sha512-6LB4PYBST1Rx40klypw1SmSDArjFOcfBf2LeX9Zg5EKJT2eXiyiJq+CyBYKeXyK0sXS2FsCJWSPr/luyhuvh0Q=="
    },
    "@patternfly/patternfly": {
      "version": "4.166.1",
      "resolved": "https://registry.npmjs.org/@patternfly/patternfly/-/patternfly-4.166.1.tgz",
      "integrity": "sha512-M5qkOfHiqFV4ga84F/i2hrldfn0DXTeTmkWP8C7lVGvLI+mldFU9uJUnv2hlQzW1NyDqKdnkZctt8MFTu9jP1w=="
    }
  }
}
